
Microsoft Visual Studio Solution File, Format Version 12.00
# Visual Studio Version 17
VisualStudioVersion = 17.7.34024.191
MinimumVisualStudioVersion = 10.0.40219.1
Project("{8BC9CEB8-8B4A-11D0-8D11-00A0C91BC942}") = "homework", "homework\homework.vcxproj", "{C225874B-D8F4-4D77-B13F-2439D59723DF}"
EndProject
Project("{8BC9CEB8-8B4A-11D0-8D11-00A0C91BC942}") = "Task2", "Task2\Task2.vcxproj", "{DB4C7D8F-84FD-4A5A-9D2C-990F0A56D54D}"
EndProject
Project("{8BC9CEB8-8B4A-11D0-8D11-00A0C91BC942}") = "Task3", "Task3\Task3.vcxproj", "{4034436B-1C69-49C7-A2AA-C247B9BABCAD}"
EndProject
Global
	GlobalSection(SolutionConfigurationPlatforms) = preSolution
		Debug|x64 = Debug|x64
		Debug|x86 = Debug|x86
		Release|x64 = Release|x64
		Release|x86 = Release|x86
	EndGlobalSection
	GlobalSection(ProjectConfigurationPlatforms) = postSolution
		{C225874B-D8F4-4D77-B13F-2439D59723DF}.Debug|x64.ActiveCfg = Debug|x64
		{C225874B-D8F4-4D77-B13F-2439D59723DF}.Debug|x64.Build.0 = Debug|x64
		{C225874B-D8F4-4D77-B13F-2439D59723DF}.Debug|x86.ActiveCfg = Debug|Win32
		{C225874B-D8F4-4D77-B13F-2439D59723DF}.Debug|x86.Build.0 = Debug|Win32
		{C225874B-D8F4-4D77-B13F-2439D59723DF}.Release|x64.ActiveCfg = Release|x64
		{C225874B-D8F4-4D77-B13F-2439D59723DF}.Release|x64.Build.0 = Release|x64
		{C225874B-D8F4-4D77-B13F-2439D59723DF}.Release|x86.ActiveCfg = Release|Win32
		{C225874B-D8F4-4D77-B13F-2439D59723DF}.Release|x86.Build.0 = Release|Win32
		{DB4C7D8F-84FD-4A5A-9D2C-990F0A56D54D}.Debug|x64.ActiveCfg = Debug|x64
		{DB4C7D8F-84FD-4A5A-9D2C-990F0A56D54D}.Debug|x64.Build.0 = Debug|x64
		{DB4C7D8F-84FD-4A5A-9D2C-990F0A56D54D}.Debug|x86.ActiveCfg = Debug|Win32
		{DB4C7D8F-84FD-4A5A-9D2C-990F0A56D54D}.Debug|x86.Build.0 = Debug|Win32
		{DB4C7D8F-84FD-4A5A-9D2C-990F0A56D54D}.Release|x64.ActiveCfg = Release|x64
		{DB4C7D8F-84FD-4A5A-9D2C-990F0A56D54D}.Release|x64.Build.0 = Release|x64
		{DB4C7D8F-84FD-4A5A-9D2C-990F0A56D54D}.Release|x86.ActiveCfg = Release|Win32
		{DB4C7D8F-84FD-4A5A-9D2C-990F0A56D54D}.Release|x86.Build.0 = Release|Win32
		{4034436B-1C69-49C7-A2AA-C247B9BABCAD}.Debug|x64.ActiveCfg = Debug|x64
		{4034436B-1C69-49C7-A2AA-C247B9BABCAD}.Debug|x64.Build.0 = Debug|x64
		{4034436B-1C69-49C7-A2AA-C247B9BABCAD}.Debug|x86.ActiveCfg = Debug|Win32
		{4034436B-1C69-49C7-A2AA-C247B9BABCAD}.Debug|x86.Build.0 = Debug|Win32
		{4034436B-1C69-49C7-A2AA-C247B9BABCAD}.Release|x64.ActiveCfg = Release|x64
		{4034436B-1C69-49C7-A2AA-C247B9BABCAD}.Release|x64.Build.0 = Release|x64
		{4034436B-1C69-49C7-A2AA-C247B9BABCAD}.Release|x86.ActiveCfg = Release|Win32
		{4034436B-1C69-49C7-A2AA-C247B9BABCAD}.Release|x86.Build.0 = Release|Win32
	EndGlobalSection
	GlobalSection(SolutionProperties) = preSolution
		HideSolutionNode = FALSE
	EndGlobalSection
	GlobalSection(ExtensibilityGlobals) = postSolution
		SolutionGuid = {43A2822B-D660-4CC3-8D63-9168A7F2B781}
	EndGlobalSection
EndGlobal
